
Microsoft Visual Studio Solution File, Format Version 12.00
# Visual Studio 15
VisualStudioVersion = 15.0.28010.2050
MinimumVisualStudioVersion = 10.0.40219.1
Project("{FAE04EC0-301F-11D3-BF4B-00C04F79EFBC}") = "Math Quiz", "Math Quiz\Math Quiz.csproj", "{CC216561-DFEE-4831-A0EE-A8293374B3C4}"
EndProject
Global
	GlobalSection(SolutionConfigurationPlatforms) = preSolution
		Debug|Any CPU = Debug|Any CPU
		Release|Any CPU = Release|Any CPU
	EndGlobalSection
	GlobalSection(ProjectConfigurationPlatforms) = postSolution
		{CC216561-DFEE-4831-A0EE-A8293374B3C4}.Debug|Any CPU.ActiveCfg = Debug|Any CPU
		{CC216561-DFEE-4831-A0EE-A8293374B3C4}.Debug|Any CPU.Build.0 = Debug|Any CPU
		{CC216561-DFEE-4831-A0EE-A8293374B3C4}.Release|Any CPU.ActiveCfg = Release|Any CPU
		{CC216561-DFEE-4831-A0EE-A8293374B3C4}.Release|Any CPU.Build.0 = Release|Any CPU
	EndGlobalSection
	GlobalSection(SolutionProperties) = preSolution
		HideSolutionNode = FALSE
	EndGlobalSection
	GlobalSection(ExtensibilityGlobals) = postSolution
		SolutionGuid = {9ED650A0-2925-403C-9B5F-86F4A3F63B27}
	EndGlobalSection
EndGlobal
